<?xml version="1.0" encoding="utf-8"?>
<Project ToolsVersion="4.0" xmlns="http://schemas.microsoft.com/developer/msbuild/2003">
  <ItemGroup>
    <Filter Include="Source Files">
      <UniqueIdentifier>{4FC737F1-C7A5-4376-A066-2A32D752A2FF}</UniqueIdentifier>
      <Extensions>cpp;c;cc;cxx;def;odl;idl;hpj;bat;asm;asmx</Extensions>
    </Filter>
    <Filter Include="Header Files">
      <UniqueIdentifier>{93995380-89BD-4b04-88EB-625FBE52EBFB}</UniqueIdentifier>
      <Extensions>h;hh;hpp;hxx;hm;inl;inc;ipp;xsd</Extensions>
    </Filter>
    <Filter Include="Resource Files">
      <UniqueIdentifier>{67DA6AB6-F800-4c08-8B7A-83BB121AAD01}</UniqueIdentifier>
      <Extensions>rc;ico;cur;bmp;dlg;rc2;rct;bin;rgs;gif;jpg;jpeg;jpe;resx;tiff;tif;png;wav;mfcribbon-ms</Extensions>
    </Filter>
    <Filter Include="Header Files\NeuralNetwork">
      <UniqueIdentifier>{fb5419e5-0cdf-418b-9528-d2df642372d7}</UniqueIdentifier>
    </Filter>
    <Filter Include="Header Files\NeuralNetwork\Base">
      <UniqueIdentifier>{a3f55b20-e891-4f02-be13-7351880e35bb}</UniqueIdentifier>
    </Filter>
    <Filter Include="Header Files\NeuralNetwork\BackPropagate">
      <UniqueIdentifier>{d3bd5af6-e0c6-42d8-9dcf-c29258d3d453}</UniqueIdentifier>
    </Filter>
    <Filter Include="Header Files\Approximation">
      <UniqueIdentifier>{8521980b-ba60-4ad1-ba92-069a7c38e78a}</UniqueIdentifier>
    </Filter>
    <Filter Include="Header Files\Mnist">
      <UniqueIdentifier>{7e596110-1c94-4fba-98c4-4e0933d488b6}</UniqueIdentifier>
    </Filter>
    <Filter Include="Header Files\Mnist\Reader">
      <UniqueIdentifier>{8ce15ba9-ca34-4861-9c6d-60930dfc7dc8}</UniqueIdentifier>
    </Filter>
    <Filter Include="Header Files\NeuralNetwork\BaseNetwork">
      <UniqueIdentifier>{4d705e16-88e1-4514-b266-67c0e4a663ad}</UniqueIdentifier>
    </Filter>
  </ItemGroup>
  <ItemGroup>
    <ClCompile Include="main.cpp">
      <Filter>Source Files</Filter>
    </ClCompile>
  </ItemGroup>
  <ItemGroup>
    <ClInclude Include="..\NeuralNetwork\BackPropagateNetwork\BackPropagateNetworkLayer.hpp">
      <Filter>Header Files\NeuralNetwork\BackPropagate</Filter>
    </ClInclude>
    <ClInclude Include="..\NeuralNetwork\BackPropagateNetwork\BackPropagateNetworkCollection.hpp">
      <Filter>Header Files\NeuralNetwork\BackPropagate</Filter>
    </ClInclude>
    <ClInclude Include="..\NeuralNetwork\BackPropagateNetwork\BackPropagateNetwork.hpp">
      <Filter>Header Files\NeuralNetwork\BackPropagate</Filter>
    </ClInclude>
    <ClInclude Include="..\Approximation\Approximation.hpp">
      <Filter>Header Files\Approximation</Filter>
    </ClInclude>
    <ClInclude Include="..\NeuralNetwork\Base\Activation.hpp">
      <Filter>Header Files\NeuralNetwork\Base</Filter>
    </ClInclude>
    <ClInclude Include="..\NeuralNetwork\Base\LayerShape.hpp">
      <Filter>Header Files\NeuralNetwork\Base</Filter>
    </ClInclude>
    <ClInclude Include="..\NeuralNetwork\Base\NetworkShape.hpp">
      <Filter>Header Files\NeuralNetwork\Base</Filter>
    </ClInclude>
    <ClInclude Include="..\Mnist\Mnist.hpp">
      <Filter>Header Files\Mnist</Filter>
    </ClInclude>
    <ClInclude Include="..\Mnist\Reader\mnist_reader.hpp">
      <Filter>Header Files\Mnist\Reader</Filter>
    </ClInclude>
    <ClInclude Include="..\Mnist\Reader\mnist_reader_common.hpp">
      <Filter>Header Files\Mnist\Reader</Filter>
    </ClInclude>
    <ClInclude Include="..\NeuralNetwork\BaseNetwork\Layer.hpp">
      <Filter>Header Files\NeuralNetwork\BaseNetwork</Filter>
    </ClInclude>
    <ClInclude Include="..\NeuralNetwork\BaseNetwork\Network.hpp">
      <Filter>Header Files\NeuralNetwork\BaseNetwork</Filter>
    </ClInclude>
    <ClInclude Include="..\NeuralNetwork\BaseNetwork\NetworkCollection.hpp">
      <Filter>Header Files\NeuralNetwork\BaseNetwork</Filter>
    </ClInclude>
  </ItemGroup>
</Project>